
Microsoft Visual Studio Solution File, Format Version 12.00
# Visual Studio Version 16
VisualStudioVersion = 16.0.30330.147
MinimumVisualStudioVersion = 10.0.40219.1
Project("{FAE04EC0-301F-11D3-BF4B-00C04F79EFBC}") = "WebCoreAP", "WebCoreAP.csproj", "{B8512810-BC3A-4BB9-8088-3DF27C2DA1CB}"
EndProject
Global
	GlobalSection(SolutionConfigurationPlatforms) = preSolution
		Debug|Any CPU = Debug|Any CPU
		Release|Any CPU = Release|Any CPU
	EndGlobalSection
	GlobalSection(ProjectConfigurationPlatforms) = postSolution
		{B8512810-BC3A-4BB9-8088-3DF27C2DA1CB}.Debug|Any CPU.ActiveCfg = Debug|Any CPU
		{B8512810-BC3A-4BB9-8088-3DF27C2DA1CB}.Debug|Any CPU.Build.0 = Debug|Any CPU
		{B8512810-BC3A-4BB9-8088-3DF27C2DA1CB}.Release|Any CPU.ActiveCfg = Release|Any CPU
		{B8512810-BC3A-4BB9-8088-3DF27C2DA1CB}.Release|Any CPU.Build.0 = Release|Any CPU
	EndGlobalSection
	GlobalSection(SolutionProperties) = preSolution
		HideSolutionNode = FALSE
	EndGlobalSection
	GlobalSection(ExtensibilityGlobals) = postSolution
		SolutionGuid = {EEB21748-8567-4A91-B962-27C62D3100CC}
	EndGlobalSection
EndGlobal
